lockfileVersion: '6.0'

settings:
  autoInstallPeers: true
  excludeLinksFromLockfile: false

dependencies:
  discord.js:
    specifier: ^14.14.1
    version: 14.14.1
  dotenv:
    specifier: ^16.3.1
    version: 16.3.1
  glob:
    specifier: ^10.3.10
    version: 10.3.10
  zod:
    specifier: ^3.22.4
    version: 3.22.4

devDependencies:
  '@biomejs/biome':
    specifier: ^1.4.1
    version: 1.4.1
  '@types/node':
    specifier: ^20.10.4
    version: 20.10.4
  pre-commit:
    specifier: ^1.2.2
    version: 1.2.2
  prettier:
    specifier: ^3.1.1
    version: 3.1.1
  tsc-watch:
    specifier: ^6.0.4
    version: 6.0.4(typescript@5.3.3)
  typescript:
    specifier: ^5.3.3
    version: 5.3.3

packages:
  /@biomejs/biome@1.4.1:
    resolution:
      { integrity: sha512-JccVAwPbhi37pdxbAGmaOBjUTKEwEjWAhl7rKkVVuXHo4MLASXJ5HR8BTgrImi4/7rTBsGz1tgVD1Kwv1CHGRg== }
    engines: { node: '>=14.*' }
    hasBin: true
    requiresBuild: true
    optionalDependencies:
      '@biomejs/cli-darwin-arm64': 1.4.1
      '@biomejs/cli-darwin-x64': 1.4.1
      '@biomejs/cli-linux-arm64': 1.4.1
      '@biomejs/cli-linux-x64': 1.4.1
      '@biomejs/cli-win32-arm64': 1.4.1
      '@biomejs/cli-win32-x64': 1.4.1
    dev: true

  /@biomejs/cli-darwin-arm64@1.4.1:
    resolution:
      { integrity: sha512-PZWy2Idndqux38p6AXSDQM2ldRAWi32bvb7bMbTN0ALzpWYMYnxd71ornatumSSJYoNhKmxzDLq+jct7nZJ79w== }
    engines: { node: '>=14.*' }
    cpu: [arm64]
    os: [darwin]
    requiresBuild: true
    dev: true
    optional: true

  /@biomejs/cli-darwin-x64@1.4.1:
    resolution:
      { integrity: sha512-soj3BWhnsM1M2JlzR09cibUzG1owJqetwj/Oo7yg0foijo9lNH9XWXZfJBYDKgW/6Fomn+CC2EcUS+hisQzt9g== }
    engines: { node: '>=14.*' }
    cpu: [x64]
    os: [darwin]
    requiresBuild: true
    dev: true
    optional: true

  /@biomejs/cli-linux-arm64@1.4.1:
    resolution:
      { integrity: sha512-YIZqfJUg4F+fPsBTXxgD7EU2E5OAYbmYSl/snf4PevwfQCWE/omOFZv+NnIQmjYj9I7ParDgcJvanoA3/kO0JQ== }
    engines: { node: '>=14.*' }
    cpu: [arm64]
    os: [linux]
    requiresBuild: true
    dev: true
    optional: true

  /@biomejs/cli-linux-x64@1.4.1:
    resolution:
      { integrity: sha512-9YOZw3qBd/KUj63A6Hn2zZgzGb2nbESM0qNmeMXgmqinVKM//uc4OgY5TuKITuGjMSvcVxxd4dX1IzYjV9qvNQ== }
    engines: { node: '>=14.*' }
    cpu: [x64]
    os: [linux]
    requiresBuild: true
    dev: true
    optional: true

  /@biomejs/cli-win32-arm64@1.4.1:
    resolution:
      { integrity: sha512-nWQbvkNKxYn/kCQ0yVF8kCaS3VzaGvtFSmItXiMknU4521LDjJ7tNWH12Gol+pIslrCbd4E1LhJa0a3ThRsBVg== }
    engines: { node: '>=14.*' }
    cpu: [arm64]
    os: [win32]
    requiresBuild: true
    dev: true
    optional: true

  /@biomejs/cli-win32-x64@1.4.1:
    resolution:
      { integrity: sha512-88fR2CQxQ4YLs2BUDuywWYQpUKgU3A3sTezANFc/4LGKQFFLV2yX+F7QAdZVkMHfA+RD9Xg178HomM/6mnTNPA== }
    engines: { node: '>=14.*' }
    cpu: [x64]
    os: [win32]
    requiresBuild: true
    dev: true
    optional: true

  /@discordjs/builders@1.7.0:
    resolution:
      { integrity: sha512-GDtbKMkg433cOZur8Dv6c25EHxduNIBsxeHrsRoIM8+AwmEZ8r0tEpckx/sHwTLwQPOF3e2JWloZh9ofCaMfAw== }
    engines: { node: '>=16.11.0' }
    dependencies:
      '@discordjs/formatters': 0.3.3
      '@discordjs/util': 1.0.2
      '@sapphire/shapeshift': 3.9.4
      discord-api-types: 0.37.61
      fast-deep-equal: 3.1.3
      ts-mixer: 6.0.3
      tslib: 2.6.2
    dev: false

  /@discordjs/collection@1.5.3:
    resolution:
      { integrity: sha512-SVb428OMd3WO1paV3rm6tSjM4wC+Kecaa1EUGX7vc6/fddvw/6lg90z4QtCqm21zvVe92vMMDt9+DkIvjXImQQ== }
    engines: { node: '>=16.11.0' }
    dev: false

  /@discordjs/collection@2.0.0:
    resolution:
      { integrity: sha512-YTWIXLrf5FsrLMycpMM9Q6vnZoR/lN2AWX23/Cuo8uOOtS8eHB2dyQaaGnaF8aZPYnttf2bkLMcXn/j6JUOi3w== }
    engines: { node: '>=18' }
    dev: false

  /@discordjs/formatters@0.3.3:
    resolution:
      { integrity: sha512-wTcI1Q5cps1eSGhl6+6AzzZkBBlVrBdc9IUhJbijRgVjCNIIIZPgqnUj3ntFODsHrdbGU8BEG9XmDQmgEEYn3w== }
    engines: { node: '>=16.11.0' }
    dependencies:
      discord-api-types: 0.37.61
    dev: false

  /@discordjs/rest@2.2.0:
    resolution:
      { integrity: sha512-nXm9wT8oqrYFRMEqTXQx9DUTeEtXUDMmnUKIhZn6O2EeDY9VCdwj23XCPq7fkqMPKdF7ldAfeVKyxxFdbZl59A== }
    engines: { node: '>=16.11.0' }
    dependencies:
      '@discordjs/collection': 2.0.0
      '@discordjs/util': 1.0.2
      '@sapphire/async-queue': 1.5.1
      '@sapphire/snowflake': 3.5.1
      '@vladfrangu/async_event_emitter': 2.2.4
      discord-api-types: 0.37.61
      magic-bytes.js: 1.6.0
      tslib: 2.6.2
      undici: 5.27.2
    dev: false

  /@discordjs/util@1.0.2:
    resolution:
      { integrity: sha512-IRNbimrmfb75GMNEjyznqM1tkI7HrZOf14njX7tCAAUetyZM1Pr8hX/EK2lxBCOgWDRmigbp24fD1hdMfQK5lw== }
    engines: { node: '>=16.11.0' }
    dev: false

  /@discordjs/ws@1.0.2:
    resolution:
      { integrity: sha512-+XI82Rm2hKnFwAySXEep4A7Kfoowt6weO6381jgW+wVdTpMS/56qCvoXyFRY0slcv7c/U8My2PwIB2/wEaAh7Q== }
    engines: { node: '>=16.11.0' }
    dependencies:
      '@discordjs/collection': 2.0.0
      '@discordjs/rest': 2.2.0
      '@discordjs/util': 1.0.2
      '@sapphire/async-queue': 1.5.1
      '@types/ws': 8.5.9
      '@vladfrangu/async_event_emitter': 2.2.4
      discord-api-types: 0.37.61
      tslib: 2.6.2
      ws: 8.14.2
    transitivePeerDependencies:
      - bufferutil
      - utf-8-validate
    dev: false

  /@fastify/busboy@2.1.0:
    resolution:
      { integrity: sha512-+KpH+QxZU7O4675t3mnkQKcZZg56u+K/Ct2K+N2AZYNVK8kyeo/bI18tI8aPm3tvNNRyTWfj6s5tnGNlcbQRsA== }
    engines: { node: '>=14' }
    dev: false

  /@isaacs/cliui@8.0.2:
    resolution:
      { integrity: sha512-O8jcjabXaleOG9DQ0+ARXWZBTfnP4WNAqzuiJK7ll44AmxGKv/J2M4TPjxjY3znBCfvBXFzucm1twdyFybFqEA== }
    engines: { node: '>=12' }
    dependencies:
      string-width: 5.1.2
      string-width-cjs: /string-width@4.2.3
      strip-ansi: 7.1.0
      strip-ansi-cjs: /strip-ansi@6.0.1
      wrap-ansi: 8.1.0
      wrap-ansi-cjs: /wrap-ansi@7.0.0
    dev: false

  /@pkgjs/parseargs@0.11.0:
    resolution:
      { integrity: sha512-+1VkjdD0QBLPodGrJUeqarH8VAIvQODIbwh9XpP5Syisf7YoQgsJKPNFoqqLQlu+VQ/tVSshMR6loPMn8U+dPg== }
    engines: { node: '>=14' }
    requiresBuild: true
    dev: false
    optional: true

  /@sapphire/async-queue@1.5.1:
    resolution:
      { integrity: sha512-1RdpsmDQR/aWfp8oJzPtn4dNQrbpqSL5PIA0uAB/XwerPXUf994Ug1au1e7uGcD7ei8/F63UDjr5GWps1g/HxQ== }
    engines: { node: '>=v14.0.0', npm: '>=7.0.0' }
    dev: false

  /@sapphire/shapeshift@3.9.4:
    resolution:
      { integrity: sha512-SiOoCBmm8O7QuadLJnX4V0tAkhC54NIOZJtmvw+5zwnHaiulGkjY02wxCuK8Gf4V540ILmGz+UulC0U8mrOZjg== }
    engines: { node: '>=v14.0.0', npm: '>=7.0.0' }
    dependencies:
      fast-deep-equal: 3.1.3
      lodash: 4.17.21
    dev: false

  /@sapphire/snowflake@3.5.1:
    resolution:
      { integrity: sha512-BxcYGzgEsdlG0dKAyOm0ehLGm2CafIrfQTZGWgkfKYbj+pNNsorZ7EotuZukc2MT70E0UbppVbtpBrqpzVzjNA== }
    engines: { node: '>=v14.0.0', npm: '>=7.0.0' }
    dev: false

  /@types/node@20.10.4:
    resolution:
      { integrity: sha512-D08YG6rr8X90YB56tSIuBaddy/UXAA9RKJoFvrsnogAum/0pmjkgi4+2nx96A330FmioegBWmEYQ+syqCFaveg== }
    dependencies:
      undici-types: 5.26.5

  /@types/ws@8.5.9:
    resolution:
      { integrity: sha512-jbdrY0a8lxfdTp/+r7Z4CkycbOFN8WX+IOchLJr3juT/xzbJ8URyTVSJ/hvNdadTgM1mnedb47n+Y31GsFnQlg== }
    dependencies:
      '@types/node': 20.10.4
    dev: false

  /@vladfrangu/async_event_emitter@2.2.4:
    resolution:
      { integrity: sha512-ButUPz9E9cXMLgvAW8aLAKKJJsPu1dY1/l/E8xzLFuysowXygs6GBcyunK9rnGC4zTsnIc2mQo71rGw9U+Ykug== }
    engines: { node: '>=v14.0.0', npm: '>=7.0.0' }
    dev: false

  /ansi-regex@5.0.1:
    resolution:
      { integrity: sha512-quJQXlTSUGL2LH9SUXo8VwsY4soanhgo6LNSm84E1LBcE8s3O0wpdiRzyR9z/ZZJMlMWv37qOOb9pdJlMUEKFQ== }
    engines: { node: '>=8' }
    dev: false

  /ansi-regex@6.0.1:
    resolution:
      { integrity: sha512-n5M855fKb2SsfMIiFFoVrABHJC8QtHwVx+mHWP3QcEqBHYienj5dHSgjbxtC0WEZXYt4wcD6zrQElDPhFuZgfA== }
    engines: { node: '>=12' }
    dev: false

  /ansi-styles@4.3.0:
    resolution:
      { integrity: sha512-zbB9rCJAT1rbjiVDb2hqKFHNYLxgtk8NURxZ3IZwD3F6NtxbXZQCnnSi1Lkx+IDohdPlFp222wVALIheZJQSEg== }
    engines: { node: '>=8' }
    dependencies:
      color-convert: 2.0.1
    dev: false

  /ansi-styles@6.2.1:
    resolution:
      { integrity: sha512-bN798gFfQX+viw3R7yrGWRqnrN2oRkEkUjjl4JNn4E8GxxbjtG3FbrEIIY3l8/hrwUwIeCZvi4QuOTP4MErVug== }
    engines: { node: '>=12' }
    dev: false

  /balanced-match@1.0.2:
    resolution:
      { integrity: sha512-3oSeUO0TMV67hN1AmbXsK4yaqU7tjiHlbxRDZOpH0KW9+CeX4bRAaX0Anxt0tx2MrpRpWwQaPwIlISEJhYU5Pw== }
    dev: false

  /brace-expansion@2.0.1:
    resolution:
      { integrity: sha512-XnAIvQ8eM+kC6aULx6wuQiwVsnzsi9d3WxzV3FpWTGA19F621kwdbsAcFKXgKUHZWsy+mY6iL1sHTxWEFCytDA== }
    dependencies:
      balanced-match: 1.0.2
    dev: false

  /buffer-from@1.1.2:
    resolution:
      { integrity: sha512-E+XQCRwSbaaiChtv6k6Dwgc+bx+Bs6vuKJHHl5kox/BaKbhiXzqQOwK4cO22yElGp2OCmjwVhT3HmxgyPGnJfQ== }
    dev: true

  /color-convert@2.0.1:
    resolution:
      { integrity: sha512-RRECPsj7iu/xb5oKYcsFHSppFNnsj/52OVTRKb4zP5onXwVF3zVmmToNcOfGC+CRDpfK/U584fMg38ZHCaElKQ== }
    engines: { node: '>=7.0.0' }
    dependencies:
      color-name: 1.1.4
    dev: false

  /color-name@1.1.4:
    resolution:
      { integrity: sha512-dOy+3AuW3a2wNbZHIuMZpTcgjGuLU/uBL/ubcZF9OXbDo8ff4O8yVp5Bf0efS8uEoYo5q4Fx7dY9OgQGXgAsQA== }
    dev: false

  /concat-stream@1.6.2:
    resolution:
      { integrity: sha512-27HBghJxjiZtIk3Ycvn/4kbJk/1uZuJFfuPEns6LaEvpvG1f0hTea8lilrouyo9mVc2GWdcEZ8OLoGmSADlrCw== }
    engines: { '0': node >= 0.8 }
    dependencies:
      buffer-from: 1.1.2
      inherits: 2.0.4
      readable-stream: 2.3.8
      typedarray: 0.0.6
    dev: true

  /core-util-is@1.0.3:
    resolution:
      { integrity: sha512-ZQBvi1DcpJ4GDqanjucZ2Hj3wEO5pZDS89BWbkcrvdxksJorwUDDZamX9ldFkp9aw2lmBDLgkObEA4DWNJ9FYQ== }
    dev: true

  /cross-spawn@5.1.0:
    resolution:
      { integrity: sha512-pTgQJ5KC0d2hcY8eyL1IzlBPYjTkyH72XRZPnLyKus2mBfNjQs3klqbJU2VILqZryAZUt9JOb3h/mWMy23/f5A== }
    dependencies:
      lru-cache: 4.1.5
      shebang-command: 1.2.0
      which: 1.2.14
    dev: true

  /cross-spawn@7.0.3:
    resolution:
      { integrity: sha512-iRDPJKUPVEND7dHPO8rkbOnPpyDygcDFtWjpeWNCgy8WP2rXcxXL8TskReQl6OrB2G7+UJrags1q15Fudc7G6w== }
    engines: { node: '>= 8' }
    dependencies:
      path-key: 3.1.1
      shebang-command: 2.0.0
      which: 2.0.2

  /discord-api-types@0.37.61:
    resolution:
      { integrity: sha512-o/dXNFfhBpYHpQFdT6FWzeO7pKc838QeeZ9d91CfVAtpr5XLK4B/zYxQbYgPdoMiTDvJfzcsLW5naXgmHGDNXw== }
    dev: false

  /discord.js@14.14.1:
    resolution:
      { integrity: sha512-/hUVzkIerxKHyRKopJy5xejp4MYKDPTszAnpYxzVVv4qJYf+Tkt+jnT2N29PIPschicaEEpXwF2ARrTYHYwQ5w== }
    engines: { node: '>=16.11.0' }
    dependencies:
      '@discordjs/builders': 1.7.0
      '@discordjs/collection': 1.5.3
      '@discordjs/formatters': 0.3.3
      '@discordjs/rest': 2.2.0
      '@discordjs/util': 1.0.2
      '@discordjs/ws': 1.0.2
      '@sapphire/snowflake': 3.5.1
      '@types/ws': 8.5.9
      discord-api-types: 0.37.61
      fast-deep-equal: 3.1.3
      lodash.snakecase: 4.1.1
      tslib: 2.6.2
      undici: 5.27.2
      ws: 8.14.2
    transitivePeerDependencies:
      - bufferutil
      - utf-8-validate
    dev: false

  /dotenv@16.3.1:
    resolution:
      { integrity: sha512-IPzF4w4/Rd94bA9imS68tZBaYyBWSCE47V1RGuMrB94iyTOIEwRmVL2x/4An+6mETpLrKJ5hQkB8W4kFAadeIQ== }
    engines: { node: '>=12' }
    dev: false

  /duplexer@0.1.2:
    resolution:
      { integrity: sha512-jtD6YG370ZCIi/9GTaJKQxWTZD045+4R4hTk/x1UyoqadyJ9x9CgSi1RlVDQF8U2sxLLSnFkCaMihqljHIWgMg== }
    dev: true

  /eastasianwidth@0.2.0:
    resolution:
      { integrity: sha512-I88TYZWc9XiYHRQ4/3c5rjjfgkjhLyW2luGIheGERbNQ6OY7yTybanSpDXZa8y7VUP9YmDcYa+eyq4ca7iLqWA== }
    dev: false

  /emoji-regex@8.0.0:
    resolution:
      { integrity: sha512-MSjYzcWNOA0ewAHpz0MxpYFvwg6yjy1NG3xteoqz644VCo/RPgnr1/GGt+ic3iJTzQ8Eu3TdM14SawnVUmGE6A== }
    dev: false

  /emoji-regex@9.2.2:
    resolution:
      { integrity: sha512-L18DaJsXSUk2+42pv8mLs5jJT2hqFkFE4j21wOmgbUqsZ2hL72NsUU785g9RXgo3s0ZNgVl42TiHp3ZtOv/Vyg== }
    dev: false

  /event-stream@3.3.4:
    resolution:
      { integrity: sha512-QHpkERcGsR0T7Qm3HNJSyXKEEj8AHNxkY3PK8TS2KJvQ7NiSHe3DDpwVKKtoYprL/AreyzFBeIkBIWChAqn60g== }
    dependencies:
      duplexer: 0.1.2
      from: 0.1.7
      map-stream: 0.1.0
      pause-stream: 0.0.11
      split: 0.3.3
      stream-combiner: 0.0.4
      through: 2.3.8
    dev: true

  /fast-deep-equal@3.1.3:
    resolution:
      { integrity: sha512-f3qQ9oQy9j2AhBe/H9VC91wLmKBCCU/gDOnKNAYG5hswO7BLKj09Hc5HYNz9cGI++xlpDCIgDaitVs03ATR84Q== }
    dev: false

  /foreground-child@3.1.1:
    resolution:
      { integrity: sha512-TMKDUnIte6bfb5nWv7V/caI169OHgvwjb7V4WkeUvbQQdjr5rWKqHFiKWb/fcOwB+CzBT+qbWjvj+DVwRskpIg== }
    engines: { node: '>=14' }
    dependencies:
      cross-spawn: 7.0.3
      signal-exit: 4.1.0
    dev: false

  /from@0.1.7:
    resolution:
      { integrity: sha512-twe20eF1OxVxp/ML/kq2p1uc6KvFK/+vs8WjEbeKmV2He22MKm7YF2ANIt+EOqhJ5L3K/SuuPhk0hWQDjOM23g== }
    dev: true

  /glob@10.3.10:
    resolution:
      { integrity: sha512-fa46+tv1Ak0UPK1TOy/pZrIybNNt4HCv7SDzwyfiOZkvZLEbjsZkJBPtDHVshZjbecAoAGSC20MjLDG/qr679g== }
    engines: { node: '>=16 || 14 >=14.17' }
    hasBin: true
    dependencies:
      foreground-child: 3.1.1
      jackspeak: 2.3.6
      minimatch: 9.0.3
      minipass: 7.0.4
      path-scurry: 1.10.1
    dev: false

  /inherits@2.0.4:
    resolution:
      { integrity: sha512-k/vGaX4/Yla3WzyMCvTQOXYeIHvqOKtnqBduzTHpzpQZzAskKMhZ2K+EnBiSM9zGSoIFeMpXKxa4dYeZIQqewQ== }
    dev: true

  /is-fullwidth-code-point@3.0.0:
    resolution:
      { integrity: sha512-zymm5+u+sCsSWyD9qNaejV3DFvhCKclKdizYaJUuHA83RLjb7nSuGnddCHGv0hk+KY7BMAlsWeK4Ueg6EV6XQg== }
    engines: { node: '>=8' }
    dev: false

  /isarray@1.0.0:
    resolution:
      { integrity: sha512-VLghIWNM6ELQzo7zwmcg0NmTVyWKYjvIeM83yjp0wRDTmUnrM678fQbcKBo6n2CJEF0szoG//ytg+TKla89ALQ== }
    dev: true

  /isexe@2.0.0:
    resolution:
      { integrity: sha512-RHxMLp9lnKHGHRng9QFhRCMbYAcVpn69smSGcq3f36xjgVVWThj4qqLbTLlq7Ssj8B+fIQ1EuCEGI2lKsyQeIw== }

  /jackspeak@2.3.6:
    resolution:
      { integrity: sha512-N3yCS/NegsOBokc8GAdM8UcmfsKiSS8cipheD/nivzr700H+nsMOxJjQnvwOcRYVuFkdH0wGUvW2WbXGmrZGbQ== }
    engines: { node: '>=14' }
    dependencies:
      '@isaacs/cliui': 8.0.2
    optionalDependencies:
      '@pkgjs/parseargs': 0.11.0
    dev: false

  /lodash.snakecase@4.1.1:
    resolution:
      { integrity: sha512-QZ1d4xoBHYUeuouhEq3lk3Uq7ldgyFXGBhg04+oRLnIz8o9T65Eh+8YdroUwn846zchkA9yDsDl5CVVaV2nqYw== }
    dev: false

  /lodash@4.17.21:
    resolution:
      { integrity: sha512-v2kDEe57lecTulaDIuNTPy3Ry4gLGJ6Z1O3vE1krgXZNrsQ+LFTGHVxVjcXPs17LhbZVGedAJv8XZ1tvj5FvSg== }
    dev: false

  /lru-cache@10.1.0:
    resolution:
      { integrity: sha512-/1clY/ui8CzjKFyjdvwPWJUYKiFVXG2I2cY0ssG7h4+hwk+XOIX7ZSG9Q7TW8TW3Kp3BUSqgFWBLgL4PJ+Blag== }
    engines: { node: 14 || >=16.14 }
    dev: false

  /lru-cache@4.1.5:
    resolution:
      { integrity: sha512-sWZlbEP2OsHNkXrMl5GYk/jKk70MBng6UU4YI/qGDYbgf6YbP4EvmqISbXCoJiRKs+1bSpFHVgQxvJ17F2li5g== }
    dependencies:
      pseudomap: 1.0.2
      yallist: 2.1.2
    dev: true

  /magic-bytes.js@1.6.0:
    resolution:
      { integrity: sha512-eOGBE+NSCwU9dKKox93BPHjX4KSxIuiRY1/H1lkfxIagT0Llhs6bkRk8iqoP/0aeDl7FEZPa+ln5lay5mcNY4w== }
    dev: false

  /map-stream@0.1.0:
    resolution:
      { integrity: sha512-CkYQrPYZfWnu/DAmVCpTSX/xHpKZ80eKh2lAkyA6AJTef6bW+6JpbQZN5rofum7da+SyN1bi5ctTm+lTfcCW3g== }
    dev: true

  /minimatch@9.0.3:
    resolution:
      { integrity: sha512-RHiac9mvaRw0x3AYRgDC1CxAP7HTcNrrECeA8YYJeWnpo+2Q5CegtZjaotWTWxDG3UeGA1coE05iH1mPjT/2mg== }
    engines: { node: '>=16 || 14 >=14.17' }
    dependencies:
      brace-expansion: 2.0.1
    dev: false

  /minipass@7.0.4:
    resolution:
      { integrity: sha512-jYofLM5Dam9279rdkWzqHozUo4ybjdZmCsDHePy5V/PbBcVMiSZR97gmAy45aqi8CK1lG2ECd356FU86avfwUQ== }
    engines: { node: '>=16 || 14 >=14.17' }
    dev: false

  /node-cleanup@2.1.2:
    resolution:
      { integrity: sha512-qN8v/s2PAJwGUtr1/hYTpNKlD6Y9rc4p8KSmJXyGdYGZsDGKXrGThikLFP9OCHFeLeEpQzPwiAtdIvBLqm//Hw== }
    dev: true

  /os-shim@0.1.3:
    resolution:
      { integrity: sha512-jd0cvB8qQ5uVt0lvCIexBaROw1KyKm5sbulg2fWOHjETisuCzWyt+eTZKEMs8v6HwzoGs8xik26jg7eCM6pS+A== }
    engines: { node: '>= 0.4.0' }
    dev: true

  /path-key@3.1.1:
    resolution:
      { integrity: sha512-ojmeN0qd+y0jszEtoY48r0Peq5dwMEkIlCOu6Q5f41lfkswXuKtYrhgoTpLnyIcHm24Uhqx+5Tqm2InSwLhE6Q== }
    engines: { node: '>=8' }

  /path-scurry@1.10.1:
    resolution:
      { integrity: sha512-MkhCqzzBEpPvxxQ71Md0b1Kk51W01lrYvlMzSUaIzNsODdd7mqhiimSZlr+VegAz5Z6Vzt9Xg2ttE//XBhH3EQ== }
    engines: { node: '>=16 || 14 >=14.17' }
    dependencies:
      lru-cache: 10.1.0
      minipass: 7.0.4
    dev: false

  /pause-stream@0.0.11:
    resolution:
      { integrity: sha512-e3FBlXLmN/D1S+zHzanP4E/4Z60oFAa3O051qt1pxa7DEJWKAyil6upYVXCWadEnuoqa4Pkc9oUx9zsxYeRv8A== }
    dependencies:
      through: 2.3.8
    dev: true

  /pre-commit@1.2.2:
    resolution:
      { integrity: sha512-qokTiqxD6GjODy5ETAIgzsRgnBWWQHQH2ghy86PU7mIn/wuWeTwF3otyNQZxWBwVn8XNr8Tdzj/QfUXpH+gRZA== }
    requiresBuild: true
    dependencies:
      cross-spawn: 5.1.0
      spawn-sync: 1.0.15
      which: 1.2.14
    dev: true

  /prettier@3.1.1:
    resolution:
      { integrity: sha512-22UbSzg8luF4UuZtzgiUOfcGM8s4tjBv6dJRT7j275NXsy2jb4aJa4NNveul5x4eqlF1wuhuR2RElK71RvmVaw== }
    engines: { node: '>=14' }
    hasBin: true
    dev: true

  /process-nextick-args@2.0.1:
    resolution:
      { integrity: sha512-3ouUOpQhtgrbOa17J7+uxOTpITYWaGP7/AhoR3+A+/1e9skrzelGi/dXzEYyvbxubEF6Wn2ypscTKiKJFFn1ag== }
    dev: true

  /ps-tree@1.2.0:
    resolution:
      { integrity: sha512-0VnamPPYHl4uaU/nSFeZZpR21QAWRz+sRv4iW9+v/GS/J5U5iZB5BNN6J0RMoOvdx2gWM2+ZFMIm58q24e4UYA== }
    engines: { node: '>= 0.10' }
    hasBin: true
    dependencies:
      event-stream: 3.3.4
    dev: true

  /pseudomap@1.0.2:
    resolution:
      { integrity: sha512-b/YwNhb8lk1Zz2+bXXpS/LK9OisiZZ1SNsSLxN1x2OXVEhW2Ckr/7mWE5vrC1ZTiJlD9g19jWszTmJsB+oEpFQ== }
    dev: true

  /readable-stream@2.3.8:
    resolution:
      { integrity: sha512-8p0AUk4XODgIewSi0l8Epjs+EVnWiK7NoDIEGU0HhE7+ZyY8D1IMY7odu5lRrFXGg71L15KG8QrPmum45RTtdA== }
    dependencies:
      core-util-is: 1.0.3
      inherits: 2.0.4
      isarray: 1.0.0
      process-nextick-args: 2.0.1
      safe-buffer: 5.1.2
      string_decoder: 1.1.1
      util-deprecate: 1.0.2
    dev: true

  /safe-buffer@5.1.2:
    resolution:
      { integrity: sha512-Gd2UZBJDkXlY7GbJxfsE8/nvKkUEU1G38c1siN6QP6a9PT9MmHB8GnpscSmMJSoF8LOIrt8ud/wPtojys4G6+g== }
    dev: true

  /shebang-command@1.2.0:
    resolution:
      { integrity: sha512-EV3L1+UQWGor21OmnvojK36mhg+TyIKDh3iFBKBohr5xeXIhNBcx8oWdgkTEEQ+BEFFYdLRuqMfd5L84N1V5Vg== }
    engines: { node: '>=0.10.0' }
    dependencies:
      shebang-regex: 1.0.0
    dev: true

  /shebang-command@2.0.0:
    resolution:
      { integrity: sha512-kHxr2zZpYtdmrN1qDjrrX/Z1rR1kG8Dx+gkpK1G4eXmvXswmcE1hTWBWYUzlraYw1/yZp6YuDY77YtvbN0dmDA== }
    engines: { node: '>=8' }
    dependencies:
      shebang-regex: 3.0.0

  /shebang-regex@1.0.0:
    resolution:
      { integrity: sha512-wpoSFAxys6b2a2wHZ1XpDSgD7N9iVjg29Ph9uV/uaP9Ex/KXlkTZTeddxDPSYQpgvzKLGJke2UU0AzoGCjNIvQ== }
    engines: { node: '>=0.10.0' }
    dev: true

  /shebang-regex@3.0.0:
    resolution:
      { integrity: sha512-7++dFhtcx3353uBaq8DDR4NuxBetBzC7ZQOhmTQInHEd6bSrXdiEyzCvG07Z44UYdLShWUyXt5M/yhz8ekcb1A== }
    engines: { node: '>=8' }

  /signal-exit@4.1.0:
    resolution:
      { integrity: sha512-bzyZ1e88w9O1iNJbKnOlvYTrWPDl46O1bG0D3XInv+9tkPrxrN8jUUTiFlDkkmKWgn1M6CfIA13SuGqOa9Korw== }
    engines: { node: '>=14' }
    dev: false

  /spawn-sync@1.0.15:
    resolution:
      { integrity: sha512-9DWBgrgYZzNghseho0JOuh+5fg9u6QWhAWa51QC7+U5rCheZ/j1DrEZnyE0RBBRqZ9uEXGPgSSM0nky6burpVw== }
    requiresBuild: true
    dependencies:
      concat-stream: 1.6.2
      os-shim: 0.1.3
    dev: true

  /split@0.3.3:
    resolution:
      { integrity: sha512-wD2AeVmxXRBoX44wAycgjVpMhvbwdI2aZjCkvfNcH1YqHQvJVa1duWc73OyVGJUc05fhFaTZeQ/PYsrmyH0JVA== }
    dependencies:
      through: 2.3.8
    dev: true

  /stream-combiner@0.0.4:
    resolution:
      { integrity: sha512-rT00SPnTVyRsaSz5zgSPma/aHSOic5U1prhYdRy5HS2kTZviFpmDgzilbtsJsxiroqACmayynDN/9VzIbX5DOw== }
    dependencies:
      duplexer: 0.1.2
    dev: true

  /string-argv@0.3.2:
    resolution:
      { integrity: sha512-aqD2Q0144Z+/RqG52NeHEkZauTAUWJO8c6yTftGJKO3Tja5tUgIfmIl6kExvhtxSDP7fXB6DvzkfMpCd/F3G+Q== }
    engines: { node: '>=0.6.19' }
    dev: true

  /string-width@4.2.3:
    resolution:
      { integrity: sha512-wKyQRQpjJ0sIp62ErSZdGsjMJWsap5oRNihHhu6G7JVO/9jIB6UyevL+tXuOqrng8j/cxKTWyWUwvSTriiZz/g== }
    engines: { node: '>=8' }
    dependencies:
      emoji-regex: 8.0.0
      is-fullwidth-code-point: 3.0.0
      strip-ansi: 6.0.1
    dev: false

  /string-width@5.1.2:
    resolution:
      { integrity: sha512-HnLOCR3vjcY8beoNLtcjZ5/nxn2afmME6lhrDrebokqMap+XbeW8n9TXpPDOqdGK5qcI3oT0GKTW6wC7EMiVqA== }
    engines: { node: '>=12' }
    dependencies:
      eastasianwidth: 0.2.0
      emoji-regex: 9.2.2
      strip-ansi: 7.1.0
    dev: false

  /string_decoder@1.1.1:
    resolution:
      { integrity: sha512-n/ShnvDi6FHbbVfviro+WojiFzv+s8MPMHBczVePfUpDJLwoLT0ht1l4YwBCbi8pJAveEEdnkHyPyTP/mzRfwg== }
    dependencies:
      safe-buffer: 5.1.2
    dev: true

  /strip-ansi@6.0.1:
    resolution:
      { integrity: sha512-Y38VPSHcqkFrCpFnQ9vuSXmquuv5oXOKpGeT6aGrr3o3Gc9AlVa6JBfUSOCnbxGGZF+/0ooI7KrPuUSztUdU5A== }
    engines: { node: '>=8' }
    dependencies:
      ansi-regex: 5.0.1
    dev: false

  /strip-ansi@7.1.0:
    resolution:
      { integrity: sha512-iq6eVVI64nQQTRYq2KtEg2d2uU7LElhTJwsH4YzIHZshxlgZms/wIc4VoDQTlG/IvVIrBKG06CrZnp0qv7hkcQ== }
    engines: { node: '>=12' }
    dependencies:
      ansi-regex: 6.0.1
    dev: false

  /through@2.3.8:
    resolution:
      { integrity: sha512-w89qg7PI8wAdvX60bMDP+bFoD5Dvhm9oLheFp5O4a2QF0cSBGsBX4qZmadPMvVqlLJBBci+WqGGOAPvcDeNSVg== }
    dev: true

  /ts-mixer@6.0.3:
    resolution:
      { integrity: sha512-k43M7uCG1AkTyxgnmI5MPwKoUvS/bRvLvUb7+Pgpdlmok8AoqmUaZxUUw8zKM5B1lqZrt41GjYgnvAi0fppqgQ== }
    dev: false

  /tsc-watch@6.0.4(typescript@5.3.3):
    resolution:
      { integrity: sha512-cHvbvhjO86w2aGlaHgSCeQRl+Aqw6X6XN4sQMPZKF88GoP30O+oTuh5lRIJr5pgFWrRpF1AgXnJJ2DoFEIPHyg== }
    engines: { node: '>=12.12.0' }
    hasBin: true
    peerDependencies:
      typescript: '*'
    dependencies:
      cross-spawn: 7.0.3
      node-cleanup: 2.1.2
      ps-tree: 1.2.0
      string-argv: 0.3.2
      typescript: 5.3.3
    dev: true

  /tslib@2.6.2:
    resolution:
      { integrity: sha512-AEYxH93jGFPn/a2iVAwW87VuUIkR1FVUKB77NwMF7nBTDkDrrT/Hpt/IrCJ0QXhW27jTBDcf5ZY7w6RiqTMw2Q== }
    dev: false

  /typedarray@0.0.6:
    resolution:
      { integrity: sha512-/aCDEGatGvZ2BIk+HmLf4ifCJFwvKFNb9/JeZPMulfgFracn9QFcAf5GO8B/mweUjSoblS5In0cWhqpfs/5PQA== }
    dev: true

  /typescript@5.3.3:
    resolution:
      { integrity: sha512-pXWcraxM0uxAS+tN0AG/BF2TyqmHO014Z070UsJ+pFvYuRSq8KH8DmWpnbXe0pEPDHXZV3FcAbJkijJ5oNEnWw== }
    engines: { node: '>=14.17' }
    hasBin: true
    dev: true

  /undici-types@5.26.5:
    resolution:
      { integrity: sha512-JlCMO+ehdEIKqlFxk6IfVoAUVmgz7cU7zD/h9XZ0qzeosSHmUJVOzSQvvYSYWXkFXC+IfLKSIffhv0sVZup6pA== }

  /undici@5.27.2:
    resolution:
      { integrity: sha512-iS857PdOEy/y3wlM3yRp+6SNQQ6xU0mmZcwRSriqk+et/cwWAtwmIGf6WkoDN2EK/AMdCO/dfXzIwi+rFMrjjQ== }
    engines: { node: '>=14.0' }
    dependencies:
      '@fastify/busboy': 2.1.0
    dev: false

  /util-deprecate@1.0.2:
    resolution:
      { integrity: sha512-EPD5q1uXyFxJpCrLnCc1nHnq3gOa6DZBocAIiI2TaSCA7VCJ1UJDMagCzIkXNsUYfD1daK//LTEQ8xiIbrHtcw== }
    dev: true

  /which@1.2.14:
    resolution:
      { integrity: sha512-16uPglFkRPzgiUXYMi1Jf8Z5EzN1iB4V0ZtMXcHZnwsBtQhhHeCqoWw7tsUY42hJGNDWtUsVLTjakIa5BgAxCw== }
    hasBin: true
    dependencies:
      isexe: 2.0.0
    dev: true

  /which@2.0.2:
    resolution:
      { integrity: sha512-BLI3Tl1TW3Pvl70l3yq3Y64i+awpwXqsGBYWkkqMtnbXgrMD+yj7rhW0kuEDxzJaYXGjEW5ogapKNMEKNMjibA== }
    engines: { node: '>= 8' }
    hasBin: true
    dependencies:
      isexe: 2.0.0

  /wrap-ansi@7.0.0:
    resolution:
      { integrity: sha512-YVGIj2kamLSTxw6NsZjoBxfSwsn0ycdesmc4p+Q21c5zPuZ1pl+NfxVdxPtdHvmNVOQ6XSYG4AUtyt/Fi7D16Q== }
    engines: { node: '>=10' }
    dependencies:
      ansi-styles: 4.3.0
      string-width: 4.2.3
      strip-ansi: 6.0.1
    dev: false

  /wrap-ansi@8.1.0:
    resolution:
      { integrity: sha512-si7QWI6zUMq56bESFvagtmzMdGOtoxfR+Sez11Mobfc7tm+VkUckk9bW2UeffTGVUbOksxmSw0AA2gs8g71NCQ== }
    engines: { node: '>=12' }
    dependencies:
      ansi-styles: 6.2.1
      string-width: 5.1.2
      strip-ansi: 7.1.0
    dev: false

  /ws@8.14.2:
    resolution:
      { integrity: sha512-wEBG1ftX4jcglPxgFCMJmZ2PLtSbJ2Peg6TmpJFTbe9GZYOQCDPdMYu/Tm0/bGZkw8paZnJY45J4K2PZrLYq8g== }
    engines: { node: '>=10.0.0' }
    peerDependencies:
      bufferutil: ^4.0.1
      utf-8-validate: '>=5.0.2'
    peerDependenciesMeta:
      bufferutil:
        optional: true
      utf-8-validate:
        optional: true
    dev: false

  /yallist@2.1.2:
    resolution:
      { integrity: sha512-ncTzHV7NvsQZkYe1DW7cbDLm0YpzHmZF5r/iyP3ZnQtMiJ+pjzisCiMNI+Sj+xQF5pXhSHxSB3uDbsBTzY/c2A== }
    dev: true

  /zod@3.22.4:
    resolution:
      { integrity: sha512-iC+8Io04lddc+mVqQ9AZ7OQ2MrUKGN+oIQyq1vemgt46jwCwLfhq7/pwnBnNXXXZb8VTVLKwp9EDkx+ryxIWmg== }
    dev: false
